Microsoft Visual Studio Solution File, Format Version 12.00
Project("{FAE04EC0-301F-11D3-BF4B-00C04F79EFBC}") = "Test.Api", "Test.Api\Test.Api.csproj", "{283A8B98-1C3B-4FFA-908C-32F24D3FE407}"
EndProject
Project("{FAE04EC0-301F-11D3-BF4B-00C04F79EFBC}") = "Test.Domain", "Test.Domain\Test.Domain.csproj", "{0C790651-DD4E-40A7-ADA0-96697D82588C}"
EndProject
Project("{FAE04EC0-301F-11D3-BF4B-00C04F79EFBC}") = "Test.Infrastructure", "Test.Infrastructure\Test.Infrastructure.csproj", "{E0605C1B-EF8E-422C-BD11-526D4FA9CAB3}"
EndProject
Global
	GlobalSection(SolutionConfigurationPlatforms) = preSolution
		Debug|Any CPU = Debug|Any CPU
		Release|Any CPU = Release|Any CPU
	EndGlobalSection
	GlobalSection(ProjectConfigurationPlatforms) = postSolution
		{283A8B98-1C3B-4FFA-908C-32F24D3FE407}.Debug|Any CPU.ActiveCfg = Debug|Any CPU
		{283A8B98-1C3B-4FFA-908C-32F24D3FE407}.Debug|Any CPU.Build.0 = Debug|Any CPU
		{283A8B98-1C3B-4FFA-908C-32F24D3FE407}.Release|Any CPU.ActiveCfg = Release|Any CPU
		{283A8B98-1C3B-4FFA-908C-32F24D3FE407}.Release|Any CPU.Build.0 = Release|Any CPU
		{0C790651-DD4E-40A7-ADA0-96697D82588C}.Debug|Any CPU.ActiveCfg = Debug|Any CPU
		{0C790651-DD4E-40A7-ADA0-96697D82588C}.Debug|Any CPU.Build.0 = Debug|Any CPU
		{0C790651-DD4E-40A7-ADA0-96697D82588C}.Release|Any CPU.ActiveCfg = Release|Any CPU
		{0C790651-DD4E-40A7-ADA0-96697D82588C}.Release|Any CPU.Build.0 = Release|Any CPU
		{E0605C1B-EF8E-422C-BD11-526D4FA9CAB3}.Debug|Any CPU.ActiveCfg = Debug|Any CPU
		{E0605C1B-EF8E-422C-BD11-526D4FA9CAB3}.Debug|Any CPU.Build.0 = Debug|Any CPU
		{E0605C1B-EF8E-422C-BD11-526D4FA9CAB3}.Release|Any CPU.ActiveCfg = Release|Any CPU
		{E0605C1B-EF8E-422C-BD11-526D4FA9CAB3}.Release|Any CPU.Build.0 = Release|Any CPU
	EndGlobalSection
EndGlobal
